
Microsoft Visual Studio Solution File, Format Version 12.00
# Visual Studio Version 16
VisualStudioVersion = 16.0.29519.87
MinimumVisualStudioVersion = 10.0.40219.1
Project("{9A19103F-16F7-4668-BE54-9A1E7A4F7556}") = "SAEE_WEB", "SAEE_WEB\SAEE_WEB.csproj", "{206ED43E-CDE7-421F-AE07-5AE3DFD8F72E}"
EndProject
Global
	GlobalSection(SolutionConfigurationPlatforms) = preSolution
		Debug|Any CPU = Debug|Any CPU
		Release|Any CPU = Release|Any CPU
	EndGlobalSection
	GlobalSection(ProjectConfigurationPlatforms) = postSolution
		{206ED43E-CDE7-421F-AE07-5AE3DFD8F72E}.Debug|Any CPU.ActiveCfg = Debug|Any CPU
		{206ED43E-CDE7-421F-AE07-5AE3DFD8F72E}.Debug|Any CPU.Build.0 = Debug|Any CPU
		{206ED43E-CDE7-421F-AE07-5AE3DFD8F72E}.Release|Any CPU.ActiveCfg = Release|Any CPU
		{206ED43E-CDE7-421F-AE07-5AE3DFD8F72E}.Release|Any CPU.Build.0 = Release|Any CPU
	EndGlobalSection
	GlobalSection(SolutionProperties) = preSolution
		HideSolutionNode = FALSE
	EndGlobalSection
	GlobalSection(ExtensibilityGlobals) = postSolution
		SolutionGuid = {91F616F3-8ADF-4B90-8404-6C1D610CD939}
	EndGlobalSection
EndGlobal
